
Microsoft Visual Studio Solution File, Format Version 12.00
# Visual Studio Version 17
VisualStudioVersion = 17.2.32602.215
MinimumVisualStudioVersion = 10.0.40219.1
Project("{FAE04EC0-301F-11D3-BF4B-00C04F79EFBC}") = "Notepad", "Notepad.csproj", "{6738CEAC-BB1E-4F0D-9547-F5579F2F111D}"
EndProject
Global
	GlobalSection(SolutionConfigurationPlatforms) = preSolution
		Debug|Any CPU = Debug|Any CPU
		Release|Any CPU = Release|Any CPU
	EndGlobalSection
	GlobalSection(ProjectConfigurationPlatforms) = postSolution
		{6738CEAC-BB1E-4F0D-9547-F5579F2F111D}.Debug|Any CPU.ActiveCfg = Debug|Any CPU
		{6738CEAC-BB1E-4F0D-9547-F5579F2F111D}.Debug|Any CPU.Build.0 = Debug|Any CPU
		{6738CEAC-BB1E-4F0D-9547-F5579F2F111D}.Release|Any CPU.ActiveCfg = Release|Any CPU
		{6738CEAC-BB1E-4F0D-9547-F5579F2F111D}.Release|Any CPU.Build.0 = Release|Any CPU
	EndGlobalSection
	GlobalSection(SolutionProperties) = preSolution
		HideSolutionNode = FALSE
	EndGlobalSection
	GlobalSection(ExtensibilityGlobals) = postSolution
		SolutionGuid = {1041F008-49FF-4FE1-9D81-B22FE6E17AE6}
	EndGlobalSection
EndGlobal
